
Microsoft Visual Studio Solution File, Format Version 12.00
# Visual Studio Version 17
VisualStudioVersion = 17.6.33829.357
MinimumVisualStudioVersion = 10.0.40219.1
Project("{FAE04EC0-301F-11D3-BF4B-00C04F79EFBC}") = "FileworxObjectTester", "FileworxObjectTester\FileworxObjectTester.csproj", "{642EE818-E8BD-4E5B-86BF-73C12C3C582B}"
EndProject
Global
	GlobalSection(SolutionConfigurationPlatforms) = preSolution
		Debug|Any CPU = Debug|Any CPU
		Release|Any CPU = Release|Any CPU
	EndGlobalSection
	GlobalSection(ProjectConfigurationPlatforms) = postSolution
		{642EE818-E8BD-4E5B-86BF-73C12C3C582B}.Debug|Any CPU.ActiveCfg = Debug|Any CPU
		{642EE818-E8BD-4E5B-86BF-73C12C3C582B}.Debug|Any CPU.Build.0 = Debug|Any CPU
		{642EE818-E8BD-4E5B-86BF-73C12C3C582B}.Release|Any CPU.ActiveCfg = Release|Any CPU
		{642EE818-E8BD-4E5B-86BF-73C12C3C582B}.Release|Any CPU.Build.0 = Release|Any CPU
	EndGlobalSection
	GlobalSection(SolutionProperties) = preSolution
		HideSolutionNode = FALSE
	EndGlobalSection
	GlobalSection(ExtensibilityGlobals) = postSolution
		SolutionGuid = {E34C9BB3-05E0-4568-B011-254965AE3733}
	EndGlobalSection
EndGlobal
